<?xml version="1.0" encoding="utf-8"?>
<Project ToolsVersion="4.0" xmlns="http://schemas.microsoft.com/developer/msbuild/2003">
  <ItemGroup>
    <Filter Include="Source Files">
      <UniqueIdentifier>{4FC737F1-C7A5-4376-A066-2A32D752A2FF}</UniqueIdentifier>
      <Extensions>cpp;c;cc;cxx;def;odl;idl;hpj;bat;asm;asmx</Extensions>
    </Filter>
    <Filter Include="Header Files">
      <UniqueIdentifier>{93995380-89BD-4b04-88EB-625FBE52EBFB}</UniqueIdentifier>
      <Extensions>h;hh;hpp;hxx;hm;inl;inc;ipp;xsd</Extensions>
    </Filter>
    <Filter Include="Resource Files">
      <UniqueIdentifier>{67DA6AB6-F800-4c08-8B7A-83BB121AAD01}</UniqueIdentifier>
      <Extensions>rc;ico;cur;bmp;dlg;rc2;rct;bin;rgs;gif;jpg;jpeg;jpe;resx;tiff;tif;png;wav;mfcribbon-ms</Extensions>
    </Filter>
  </ItemGroup>
  <ItemGroup>
    <ClInclude Include="CoreObject.h">
      <Filter>Header Files</Filter>
    </ClInclude>
    <ClInclude Include="CorePtr.h">
      <Filter>Header Files</Filter>
    </ClInclude>
    <ClInclude Include="Mem.h">
      <Filter>Header Files</Filter>
    </ClInclude>
    <ClInclude Include="Services.h">
      <Filter>Header Files</Filter>
    </ClInclude>
    <ClInclude Include="AsyncFileSystem.h">
      <Filter>Header Files</Filter>
    </ClInclude>
    <ClInclude Include="SynchronousFileSystem.h">
      <Filter>Header Files</Filter>
    </ClInclude>
    <ClInclude Include="FileStream.h">
      <Filter>Header Files</Filter>
    </ClInclude>
    <ClInclude Include="SynchronousFileSystem_Win32.h">
      <Filter>Header Files</Filter>
    </ClInclude>
    <ClInclude Include="ServiceCollection.h">
      <Filter>Header Files</Filter>
    </ClInclude>
    <ClInclude Include="FileStream_Win32.h">
      <Filter>Header Files</Filter>
    </ClInclude>
    <ClInclude Include="IncludeWindows.h">
      <Filter>Header Files</Filter>
    </ClInclude>
    <ClInclude Include="ArrayPtr.h">
      <Filter>Header Files</Filter>
    </ClInclude>
    <ClInclude Include="ExpAssert.h">
      <Filter>Header Files</Filter>
    </ClInclude>
    <ClInclude Include="BuildConfig.h">
      <Filter>Header Files</Filter>
    </ClInclude>
    <ClInclude Include="ErrorCode.h">
      <Filter>Header Files</Filter>
    </ClInclude>
    <ClInclude Include="Result.h">
      <Filter>Header Files</Filter>
    </ClInclude>
    <ClInclude Include="ResultRV.h">
      <Filter>Header Files</Filter>
    </ClInclude>
    <ClInclude Include="Unicode.h">
      <Filter>Header Files</Filter>
    </ClInclude>
    <ClInclude Include="ArrayView.h">
      <Filter>Header Files</Filter>
    </ClInclude>
    <ClInclude Include="StaticArray.h">
      <Filter>Header Files</Filter>
    </ClInclude>
    <ClInclude Include="WindowsGlobals.h">
      <Filter>Header Files</Filter>
    </ClInclude>
    <ClInclude Include="PreprocessorUtils.h">
      <Filter>Header Files</Filter>
    </ClInclude>
    <ClInclude Include="StrUtils.h">
      <Filter>Header Files</Filter>
    </ClInclude>
    <ClInclude Include="WindowsUtils.h">
      <Filter>Header Files</Filter>
    </ClInclude>
    <ClInclude Include="AsyncFileSystem_Win32.h">
      <Filter>Header Files</Filter>
    </ClInclude>
    <ClInclude Include="CPreprocessor.h">
      <Filter>Header Files</Filter>
    </ClInclude>
    <ClInclude Include="ThreadEvent.h">
      <Filter>Header Files</Filter>
    </ClInclude>
    <ClInclude Include="ThreadEvent_Win32.h">
      <Filter>Header Files</Filter>
    </ClInclude>
    <ClInclude Include="Thread.h">
      <Filter>Header Files</Filter>
    </ClInclude>
    <ClInclude Include="Thread_Win32.h">
      <Filter>Header Files</Filter>
    </ClInclude>
    <ClInclude Include="Mutex.h">
      <Filter>Header Files</Filter>
    </ClInclude>
    <ClInclude Include="Mutex_Win32.h">
      <Filter>Header Files</Filter>
    </ClInclude>
    <ClInclude Include="MutexLock.h">
      <Filter>Header Files</Filter>
    </ClInclude>
    <ClInclude Include="AsyncFileRequest_Win32.h">
      <Filter>Header Files</Filter>
    </ClInclude>
    <ClInclude Include="AsyncFileRequest.h">
      <Filter>Header Files</Filter>
    </ClInclude>
    <ClInclude Include="HashMap.h">
      <Filter>Header Files</Filter>
    </ClInclude>
    <ClInclude Include="Hash.h">
      <Filter>Header Files</Filter>
    </ClInclude>
    <ClInclude Include="Cloner.h">
      <Filter>Header Files</Filter>
    </ClInclude>
    <ClInclude Include="Comparer.h">
      <Filter>Header Files</Filter>
    </ClInclude>
    <ClInclude Include="Hasher.h">
      <Filter>Header Files</Filter>
    </ClInclude>
    <ClInclude Include="Optional.h">
      <Filter>Header Files</Filter>
    </ClInclude>
    <ClInclude Include="TextEncoding.h">
      <Filter>Header Files</Filter>
    </ClInclude>
    <ClInclude Include="StringProto.h">
      <Filter>Header Files</Filter>
    </ClInclude>
    <ClInclude Include="String.h">
      <Filter>Header Files</Filter>
    </ClInclude>
    <ClInclude Include="StringView.h">
      <Filter>Header Files</Filter>
    </ClInclude>
    <ClInclude Include="Vector.h">
      <Filter>Header Files</Filter>
    </ClInclude>
  </ItemGroup>
  <ItemGroup>
    <ClCompile Include="Main_Win32.cpp">
      <Filter>Source Files</Filter>
    </ClCompile>
    <ClCompile Include="SynchronousFileSystem_Win32.cpp">
      <Filter>Source Files</Filter>
    </ClCompile>
    <ClCompile Include="ServiceCollection.cpp">
      <Filter>Source Files</Filter>
    </ClCompile>
    <ClCompile Include="Mem_Win32.cpp">
      <Filter>Source Files</Filter>
    </ClCompile>
    <ClCompile Include="CorePtr.cpp">
      <Filter>Source Files</Filter>
    </ClCompile>
    <ClCompile Include="Mem.cpp">
      <Filter>Source Files</Filter>
    </ClCompile>
    <ClCompile Include="Unicode.cpp">
      <Filter>Source Files</Filter>
    </ClCompile>
    <ClCompile Include="WindowsGlobals.cpp">
      <Filter>Source Files</Filter>
    </ClCompile>
    <ClCompile Include="FileStream_Win32.cpp">
      <Filter>Source Files</Filter>
    </ClCompile>
    <ClCompile Include="WindowsUtilsl.cpp">
      <Filter>Source Files</Filter>
    </ClCompile>
    <ClCompile Include="AsyncFileSystem_Win32.cpp">
      <Filter>Source Files</Filter>
    </ClCompile>
    <ClCompile Include="ThreadEvent_Win32.cpp">
      <Filter>Source Files</Filter>
    </ClCompile>
    <ClCompile Include="Thread_Win32.cpp">
      <Filter>Source Files</Filter>
    </ClCompile>
    <ClCompile Include="Mutex_Win32.cpp">
      <Filter>Source Files</Filter>
    </ClCompile>
    <ClCompile Include="MutexLock.cpp">
      <Filter>Source Files</Filter>
    </ClCompile>
    <ClCompile Include="AsyncFileRequest_Win32.cpp">
      <Filter>Source Files</Filter>
    </ClCompile>
  </ItemGroup>
</Project>